// !$*UTF8*$!
{
	archiveVersion = 1;
	classes = {
	};
	objectVersion = 46;
	objects = {

/* Begin PBXBuildFile section */
		03E7C9BDF99531DCF8028E9C /* Pods_GourmetSearch.framework in Frameworks */ = {isa = PBXBuildFile; fileRef = 2B8AA0F065CB09E94F5609A1 /* Pods_GourmetSearch.framework */; };
		053280D11F19EEEB006A14C1 /* SearchNavigationController.swift in Sources */ = {isa = PBXBuildFile; fileRef = 053280D01F19EEEB006A14C1 /* SearchNavigationController.swift */; };
		053280D31F19EF11006A14C1 /* FavoriteNavigationController.swift in Sources */ = {isa = PBXBuildFile; fileRef = 053280D21F19EF11006A14C1 /* FavoriteNavigationController.swift */; };
		053280D51F1A1158006A14C1 /* ShopMapDetailViewController.swift in Sources */ = {isa = PBXBuildFile; fileRef = 053280D41F1A1158006A14C1 /* ShopMapDetailViewController.swift */; };
		053280D71F1A15C2006A14C1 /* LocationService.swift in Sources */ = {isa = PBXBuildFile; fileRef = 053280D61F1A15C2006A14C1 /* LocationService.swift */; };
		05461E361F16CEEE00CB3040 /* Favorite.swift in Sources */ = {isa = PBXBuildFile; fileRef = 05461E351F16CEEE00CB3040 /* Favorite.swift */; };
		0549F9961F08061E00FB0299 /* SearchTopTableViewController.swift in Sources */ = {isa = PBXBuildFile; fileRef = 0549F9951F08061E00FB0299 /* SearchTopTableViewController.swift */; };
		0549F9981F080A4800FB0299 /* FreeWordTableViewCell.swift in Sources */ = {isa = PBXBuildFile; fileRef = 0549F9971F080A4800FB0299 /* FreeWordTableViewCell.swift */; };
		055F31951EFFDAA100592472 /* ShopListItemTableViewCell.swift in Sources */ = {isa = PBXBuildFile; fileRef = 055F31941EFFDAA100592472 /* ShopListItemTableViewCell.swift */; };
		055F31991EFFED5700592472 /* YahooLocalSearch.swift in Sources */ = {isa = PBXBuildFile; fileRef = 055F31981EFFED5700592472 /* YahooLocalSearch.swift */; };
		056B104D1EFFC5B3009B39B0 /* AppDelegate.swift in Sources */ = {isa = PBXBuildFile; fileRef = 056B104C1EFFC5B3009B39B0 /* AppDelegate.swift */; };
		056B104F1EFFC5B3009B39B0 /* ShopListViewController.swift in Sources */ = {isa = PBXBuildFile; fileRef = 056B104E1EFFC5B3009B39B0 /* ShopListViewController.swift */; };
		056B10521EFFC5B3009B39B0 /* Main.storyboard in Resources */ = {isa = PBXBuildFile; fileRef = 056B10501EFFC5B3009B39B0 /* Main.storyboard */; };
		056B10541EFFC5B3009B39B0 /* Assets.xcassets in Resources */ = {isa = PBXBuildFile; fileRef = 056B10531EFFC5B3009B39B0 /* Assets.xcassets */; };
		056B10571EFFC5B3009B39B0 /* LaunchScreen.storyboard in Resources */ = {isa = PBXBuildFile; fileRef = 056B10551EFFC5B3009B39B0 /* LaunchScreen.storyboard */; };
		05ECE5EC1F1CE22400844FFC /* ShopPhoto.swift in Sources */ = {isa = PBXBuildFile; fileRef = 05ECE5EB1F1CE22400844FFC /* ShopPhoto.swift */; };
		05EFBF7B1F08F852002CDB43 /* ShopDetailViewController.swift in Sources */ = {isa = PBXBuildFile; fileRef = 05EFBF7A1F08F852002CDB43 /* ShopDetailViewController.swift */; };
/* End PBXBuildFile section */

/* Begin PBXFileReference section */
		053280D01F19EEEB006A14C1 /* SearchNavigationController.swift */ = {isa = PBXFileReference; fileEncoding = 4; lastKnownFileType = sourcecode.swift; path = SearchNavigationController.swift; sourceTree = "<group>"; };
		053280D21F19EF11006A14C1 /* FavoriteNavigationController.swift */ = {isa = PBXFileReference; fileEncoding = 4; lastKnownFileType = sourcecode.swift; path = FavoriteNavigationController.swift; sourceTree = "<group>"; };
		053280D41F1A1158006A14C1 /* ShopMapDetailViewController.swift */ = {isa = PBXFileReference; fileEncoding = 4; lastKnownFileType = sourcecode.swift; path = ShopMapDetailViewController.swift; sourceTree = "<group>"; };
		053280D61F1A15C2006A14C1 /* LocationService.swift */ = {isa = PBXFileReference; fileEncoding = 4; lastKnownFileType = sourcecode.swift; path = LocationService.swift; sourceTree = "<group>"; };
		05461E351F16CEEE00CB3040 /* Favorite.swift */ = {isa = PBXFileReference; fileEncoding = 4; lastKnownFileType = sourcecode.swift; path = Favorite.swift; sourceTree = "<group>"; };
		0549F9951F08061E00FB0299 /* SearchTopTableViewController.swift */ = {isa = PBXFileReference; fileEncoding = 4; lastKnownFileType = sourcecode.swift; path = SearchTopTableViewController.swift; sourceTree = "<group>"; };
		0549F9971F080A4800FB0299 /* FreeWordTableViewCell.swift */ = {isa = PBXFileReference; fileEncoding = 4; lastKnownFileType = sourcecode.swift; path = FreeWordTableViewCell.swift; sourceTree = "<group>"; };
		055F318F1EFFC9B800592472 /* GourmetSearch-Bridging-Header.h */ = {isa = PBXFileReference; lastKnownFileType = sourcecode.c.h; path = "GourmetSearch-Bridging-Header.h"; sourceTree = "<group>"; };
		055F31941EFFDAA100592472 /* ShopListItemTableViewCell.swift */ = {isa = PBXFileReference; fileEncoding = 4; lastKnownFileType = sourcecode.swift; path = ShopListItemTableViewCell.swift; sourceTree = "<group>"; };
		055F31981EFFED5700592472 /* YahooLocalSearch.swift */ = {isa = PBXFileReference; fileEncoding = 4; lastKnownFileType = sourcecode.swift; path = YahooLocalSearch.swift; sourceTree = "<group>"; };
		056B10491EFFC5B3009B39B0 /* GourmetSearch.app */ = {isa = PBXFileReference; explicitFileType = wrapper.application; includeInIndex = 0; path = GourmetSearch.app; sourceTree = BUILT_PRODUCTS_DIR; };
		056B104C1EFFC5B3009B39B0 /* AppDelegate.swift */ = {isa = PBXFileReference; lastKnownFileType = sourcecode.swift; path = AppDelegate.swift; sourceTree = "<group>"; };
		056B104E1EFFC5B3009B39B0 /* ShopListViewController.swift */ = {isa = PBXFileReference; lastKnownFileType = sourcecode.swift; path = ShopListViewController.swift; sourceTree = "<group>"; };
		056B10511EFFC5B3009B39B0 /* Base */ = {isa = PBXFileReference; lastKnownFileType = file.storyboard; name = Base; path = Base.lproj/Main.storyboard; sourceTree = "<group>"; };
		056B10531EFFC5B3009B39B0 /* Assets.xcassets */ = {isa = PBXFileReference; lastKnownFileType = folder.assetcatalog; path = Assets.xcassets; sourceTree = "<group>"; };
		056B10561EFFC5B3009B39B0 /* Base */ = {isa = PBXFileReference; lastKnownFileType = file.storyboard; name = Base; path = Base.lproj/LaunchScreen.storyboard; sourceTree = "<group>"; };
		056B10581EFFC5B3009B39B0 /* Info.plist */ = {isa = PBXFileReference; lastKnownFileType = text.plist.xml; path = Info.plist; sourceTree = "<group>"; };
		05ECE5EB1F1CE22400844FFC /* ShopPhoto.swift */ = {isa = PBXFileReference; fileEncoding = 4; lastKnownFileType = sourcecode.swift; path = ShopPhoto.swift; sourceTree = "<group>"; };
		05EFBF7A1F08F852002CDB43 /* ShopDetailViewController.swift */ = {isa = PBXFileReference; fileEncoding = 4; lastKnownFileType = sourcecode.swift; path = ShopDetailViewController.swift; sourceTree = "<group>"; };
		2B8AA0F065CB09E94F5609A1 /* Pods_GourmetSearch.framework */ = {isa = PBXFileReference; explicitFileType = wrapper.framework; includeInIndex = 0; path = Pods_GourmetSearch.framework; sourceTree = BUILT_PRODUCTS_DIR; };
		33EE275E9763CBE300AA4C3D /* Pods-GourmetSearch.release.xcconfig */ = {isa = PBXFileReference; includeInIndex = 1; lastKnownFileType = text.xcconfig; name = "Pods-GourmetSearch.release.xcconfig"; path = "Pods/Target Support Files/Pods-GourmetSearch/Pods-GourmetSearch.release.xcconfig"; sourceTree = "<group>"; };
		B1B7306B4BDC274EE4E9AA49 /* Pods-GourmetSearch.debug.xcconfig */ = {isa = PBXFileReference; includeInIndex = 1; lastKnownFileType = text.xcconfig; name = "Pods-GourmetSearch.debug.xcconfig"; path = "Pods/Target Support Files/Pods-GourmetSearch/Pods-GourmetSearch.debug.xcconfig"; sourceTree = "<group>"; };
/* End PBXFileReference section */

/* Begin PBXFrameworksBuildPhase section */
		056B10461EFFC5B3009B39B0 /* Frameworks */ = {
			isa = PBXFrameworksBuildPhase;
			buildActionMask = 2147483647;
			files = (
				03E7C9BDF99531DCF8028E9C /* Pods_GourmetSearch.framework in Frameworks */,
			);
			runOnlyForDeploymentPostprocessing = 0;
		};
/* End PBXFrameworksBuildPhase section */

/* Begin PBXGroup section */
		053280CD1F19EE73006A14C1 /* Tabs */ = {
			isa = PBXGroup;
			children = (
				053280D01F19EEEB006A14C1 /* SearchNavigationController.swift */,
				053280D21F19EF11006A14C1 /* FavoriteNavigationController.swift */,
			);
			name = Tabs;
			sourceTree = "<group>";
		};
		055F31961EFFDAB900592472 /* ShopList */ = {
			isa = PBXGroup;
			children = (
				055F31941EFFDAA100592472 /* ShopListItemTableViewCell.swift */,
				056B104E1EFFC5B3009B39B0 /* ShopListViewController.swift */,
				0549F9951F08061E00FB0299 /* SearchTopTableViewController.swift */,
				0549F9971F080A4800FB0299 /* FreeWordTableViewCell.swift */,
				05EFBF7A1F08F852002CDB43 /* ShopDetailViewController.swift */,
				053280D41F1A1158006A14C1 /* ShopMapDetailViewController.swift */,
			);
			name = ShopList;
			sourceTree = "<group>";
		};
		055F31971EFFED1900592472 /* Common */ = {
			isa = PBXGroup;
			children = (
				055F31981EFFED5700592472 /* YahooLocalSearch.swift */,
				05461E351F16CEEE00CB3040 /* Favorite.swift */,
				053280D61F1A15C2006A14C1 /* LocationService.swift */,
				05ECE5EB1F1CE22400844FFC /* ShopPhoto.swift */,
			);
			name = Common;
			sourceTree = "<group>";
		};
		056B10401EFFC5B3009B39B0 = {
			isa = PBXGroup;
			children = (
				056B104B1EFFC5B3009B39B0 /* GourmetSearch */,
				056B104A1EFFC5B3009B39B0 /* Products */,
				4354926CB21F0219E93FB9EB /* Pods */,
				09FC8EC1BE2FF0229BFFD505 /* Frameworks */,
				055F318F1EFFC9B800592472 /* GourmetSearch-Bridging-Header.h */,
			);
			sourceTree = "<group>";
		};
		056B104A1EFFC5B3009B39B0 /* Products */ = {
			isa = PBXGroup;
			children = (
				056B10491EFFC5B3009B39B0 /* GourmetSearch.app */,
			);
			name = Products;
			sourceTree = "<group>";
		};
		056B104B1EFFC5B3009B39B0 /* GourmetSearch */ = {
			isa = PBXGroup;
			children = (
				053280CD1F19EE73006A14C1 /* Tabs */,
				055F31971EFFED1900592472 /* Common */,
				055F31961EFFDAB900592472 /* ShopList */,
				056B104C1EFFC5B3009B39B0 /* AppDelegate.swift */,
				056B10501EFFC5B3009B39B0 /* Main.storyboard */,
				056B10531EFFC5B3009B39B0 /* Assets.xcassets */,
				056B10551EFFC5B3009B39B0 /* LaunchScreen.storyboard */,
				056B10581EFFC5B3009B39B0 /* Info.plist */,
			);
			path = GourmetSearch;
			sourceTree = "<group>";
		};
		09FC8EC1BE2FF0229BFFD505 /* Frameworks */ = {
			isa = PBXGroup;
			children = (
				2B8AA0F065CB09E94F5609A1 /* Pods_GourmetSearch.framework */,
			);
			name = Frameworks;
			sourceTree = "<group>";
		};
		4354926CB21F0219E93FB9EB /* Pods */ = {
			isa = PBXGroup;
			children = (
				B1B7306B4BDC274EE4E9AA49 /* Pods-GourmetSearch.debug.xcconfig */,
				33EE275E9763CBE300AA4C3D /* Pods-GourmetSearch.release.xcconfig */,
			);
			name = Pods;
			sourceTree = "<group>";
		};
/* End PBXGroup section */

/* Begin PBXNativeTarget section */
		056B10481EFFC5B3009B39B0 /* GourmetSearch */ = {
			isa = PBXNativeTarget;
			buildConfigurationList = 056B105B1EFFC5B3009B39B0 /* Build configuration list for PBXNativeTarget "GourmetSearch" */;
			buildPhases = (
				3F74308E5FC41BFD3E5B1926 /* [CP] Check Pods Manifest.lock */,
				056B10451EFFC5B3009B39B0 /* Sources */,
				056B10461EFFC5B3009B39B0 /* Frameworks */,
				056B10471EFFC5B3009B39B0 /* Resources */,
				DAF7B60DC5A43D6706003CBE /* [CP] Embed Pods Frameworks */,
				B85D3692EEC726F34366B01E /* [CP] Copy Pods Resources */,
			);
			buildRules = (
			);
			dependencies = (
			);
			name = GourmetSearch;
			productName = GourmetSearch;
			productReference = 056B10491EFFC5B3009B39B0 /* GourmetSearch.app */;
			productType = "com.apple.product-type.application";
		};
/* End PBXNativeTarget section */

/* Begin PBXProject section */
		056B10411EFFC5B3009B39B0 /* Project object */ = {
			isa = PBXProject;
			attributes = {
				LastSwiftUpdateCheck = 0830;
				LastUpgradeCheck = 0830;
				ORGANIZATIONNAME = "梅垣玄";
				TargetAttributes = {
					056B10481EFFC5B3009B39B0 = {
						CreatedOnToolsVersion = 8.3.3;
						DevelopmentTeam = Z7BYM46V3Q;
						LastSwiftMigration = 0830;
						ProvisioningStyle = Automatic;
					};
				};
			};
			buildConfigurationList = 056B10441EFFC5B3009B39B0 /* Build configuration list for PBXProject "GourmetSearch" */;
			compatibilityVersion = "Xcode 3.2";
			developmentRegion = English;
			hasScannedForEncodings = 0;
			knownRegions = (
				en,
				Base,
			);
			mainGroup = 056B10401EFFC5B3009B39B0;
			productRefGroup = 056B104A1EFFC5B3009B39B0 /* Products */;
			projectDirPath = "";
			projectRoot = "";
			targets = (
				056B10481EFFC5B3009B39B0 /* GourmetSearch */,
			);
		};
/* End PBXProject section */

/* Begin PBXResourcesBuildPhase section */
		056B10471EFFC5B3009B39B0 /* Resources */ = {
			isa = PBXResourcesBuildPhase;
			buildActionMask = 2147483647;
			files = (
				056B10571EFFC5B3009B39B0 /* LaunchScreen.storyboard in Resources */,
				056B10541EFFC5B3009B39B0 /* Assets.xcassets in Resources */,
				056B10521EFFC5B3009B39B0 /* Main.storyboard in Resources */,
			);
			runOnlyForDeploymentPostprocessing = 0;
		};
/* End PBXResourcesBuildPhase section */

/* Begin PBXShellScriptBuildPhase section */
		3F74308E5FC41BFD3E5B1926 /* [CP] Check Pods Manifest.lock */ = {
			isa = PBXShellScriptBuildPhase;
			buildActionMask = 2147483647;
			files = (
			);
			inputPaths = (
			);
			name = "[CP] Check Pods Manifest.lock";
			outputPaths = (
			);
			runOnlyForDeploymentPostprocessing = 0;
			shellPath = /bin/sh;
			shellScript = "diff \"${PODS_PODFILE_DIR_PATH}/Podfile.lock\" \"${PODS_ROOT}/Manifest.lock\" > /dev/null\nif [ $? != 0 ] ; then\n    # print error to STDERR\n    echo \"error: The sandbox is not in sync with the Podfile.lock. Run 'pod install' or update your CocoaPods installation.\" >&2\n    exit 1\nfi\n";
			showEnvVarsInLog = 0;
		};
		B85D3692EEC726F34366B01E /* [CP] Copy Pods Resources */ = {
			isa = PBXShellScriptBuildPhase;
			buildActionMask = 2147483647;
			files = (
			);
			inputPaths = (
			);
			name = "[CP] Copy Pods Resources";
			outputPaths = (
			);
			runOnlyForDeploymentPostprocessing = 0;
			shellPath = /bin/sh;
			shellScript = "\"${SRCROOT}/Pods/Target Support Files/Pods-GourmetSearch/Pods-GourmetSearch-resources.sh\"\n";
			showEnvVarsInLog = 0;
		};
		DAF7B60DC5A43D6706003CBE /* [CP] Embed Pods Frameworks */ = {
			isa = PBXShellScriptBuildPhase;
			buildActionMask = 2147483647;
			files = (
			);
			inputPaths = (
			);
			name = "[CP] Embed Pods Frameworks";
			outputPaths = (
			);
			runOnlyForDeploymentPostprocessing = 0;
			shellPath = /bin/sh;
			shellScript = "\"${SRCROOT}/Pods/Target Support Files/Pods-GourmetSearch/Pods-GourmetSearch-frameworks.sh\"\n";
			showEnvVarsInLog = 0;
		};
/* End PBXShellScriptBuildPhase section */

/* Begin PBXSourcesBuildPhase section */
		056B10451EFFC5B3009B39B0 /* Sources */ = {
			isa = PBXSourcesBuildPhase;
			buildActionMask = 2147483647;
			files = (
				053280D51F1A1158006A14C1 /* ShopMapDetailViewController.swift in Sources */,
				055F31951EFFDAA100592472 /* ShopListItemTableViewCell.swift in Sources */,
				053280D11F19EEEB006A14C1 /* SearchNavigationController.swift in Sources */,
				05461E361F16CEEE00CB3040 /* Favorite.swift in Sources */,
				056B104F1EFFC5B3009B39B0 /* ShopListViewController.swift in Sources */,
				055F31991EFFED5700592472 /* YahooLocalSearch.swift in Sources */,
				0549F9981F080A4800FB0299 /* FreeWordTableViewCell.swift in Sources */,
				05EFBF7B1F08F852002CDB43 /* ShopDetailViewController.swift in Sources */,
				053280D31F19EF11006A14C1 /* FavoriteNavigationController.swift in Sources */,
				056B104D1EFFC5B3009B39B0 /* AppDelegate.swift in Sources */,
				053280D71F1A15C2006A14C1 /* LocationService.swift in Sources */,
				05ECE5EC1F1CE22400844FFC /* ShopPhoto.swift in Sources */,
				0549F9961F08061E00FB0299 /* SearchTopTableViewController.swift in Sources */,
			);
			runOnlyForDeploymentPostprocessing = 0;
		};
/* End PBXSourcesBuildPhase section */

/* Begin PBXVariantGroup section */
		056B10501EFFC5B3009B39B0 /* Main.storyboard */ = {
			isa = PBXVariantGroup;
			children = (
				056B10511EFFC5B3009B39B0 /* Base */,
			);
			name = Main.storyboard;
			sourceTree = "<group>";
		};
		056B10551EFFC5B3009B39B0 /* LaunchScreen.storyboard */ = {
			isa = PBXVariantGroup;
			children = (
				056B10561EFFC5B3009B39B0 /* Base */,
			);
			name = LaunchScreen.storyboard;
			sourceTree = "<group>";
		};
/* End PBXVariantGroup section */

/* Begin XCBuildConfiguration section */
		056B10591EFFC5B3009B39B0 /* Debug */ = {
			isa = XCBuildConfiguration;
			buildSettings = {
				ALWAYS_SEARCH_USER_PATHS = NO;
				CLANG_ANALYZER_NONNULL = YES;
				CLANG_ANALYZER_NUMBER_OBJECT_CONVERSION = YES_AGGRESSIVE;
				CLANG_CXX_LANGUAGE_STANDARD = "gnu++0x";
				CLANG_CXX_LIBRARY = "libc++";
				CLANG_ENABLE_MODULES = YES;
				CLANG_ENABLE_OBJC_ARC = YES;
				CLANG_WARN_BOOL_CONVERSION = YES;
				CLANG_WARN_CONSTANT_CONVERSION = YES;
				CLANG_WARN_DIRECT_OBJC_ISA_USAGE = YES_ERROR;
				CLANG_WARN_DOCUMENTATION_COMMENTS = YES;
				CLANG_WARN_EMPTY_BODY = YES;
				CLANG_WARN_ENUM_CONVERSION = YES;
				CLANG_WARN_INFINITE_RECURSION = YES;
				CLANG_WARN_INT_CONVERSION = YES;
				CLANG_WARN_OBJC_ROOT_CLASS = YES_ERROR;
				CLANG_WARN_SUSPICIOUS_MOVE = YES;
				CLANG_WARN_UNREACHABLE_CODE = YES;
				CLANG_WARN__DUPLICATE_METHOD_MATCH = YES;
				"CODE_SIGN_IDENTITY[sdk=iphoneos*]" = "iPhone Developer";
				COPY_PHASE_STRIP = NO;
				DEBUG_INFORMATION_FORMAT = dwarf;
				ENABLE_STRICT_OBJC_MSGSEND = YES;
				ENABLE_TESTABILITY = YES;
				GCC_C_LANGUAGE_STANDARD = gnu99;
				GCC_DYNAMIC_NO_PIC = NO;
				GCC_NO_COMMON_BLOCKS = YES;
				GCC_OPTIMIZATION_LEVEL = 0;
				GCC_PREPROCESSOR_DEFINITIONS = (
					"DEBUG=1",
					"$(inherited)",
				);
				GCC_WARN_64_TO_32_BIT_CONVERSION = YES;
				GCC_WARN_ABOUT_RETURN_TYPE = YES_ERROR;
				GCC_WARN_UNDECLARED_SELECTOR = YES;
				GCC_WARN_UNINITIALIZED_AUTOS = YES_AGGRESSIVE;
				GCC_WARN_UNUSED_FUNCTION = YES;
				GCC_WARN_UNUSED_VARIABLE = YES;
				IPHONEOS_DEPLOYMENT_TARGET = 10.3;
				MTL_ENABLE_DEBUG_INFO = YES;
				ONLY_ACTIVE_ARCH = YES;
				SDKROOT = iphoneos;
				SWIFT_ACTIVE_COMPILATION_CONDITIONS = DEBUG;
				SWIFT_OPTIMIZATION_LEVEL = "-Onone";
			};
			name = Debug;
		};
		056B105A1EFFC5B3009B39B0 /* Release */ = {
			isa = XCBuildConfiguration;
			buildSettings = {
				ALWAYS_SEARCH_USER_PATHS = NO;
				CLANG_ANALYZER_NONNULL = YES;
				CLANG_ANALYZER_NUMBER_OBJECT_CONVERSION = YES_AGGRESSIVE;
				CLANG_CXX_LANGUAGE_STANDARD = "gnu++0x";
				CLANG_CXX_LIBRARY = "libc++";
				CLANG_ENABLE_MODULES = YES;
				CLANG_ENABLE_OBJC_ARC = YES;
				CLANG_WARN_BOOL_CONVERSION = YES;
				CLANG_WARN_CONSTANT_CONVERSION = YES;
				CLANG_WARN_DIRECT_OBJC_ISA_USAGE = YES_ERROR;
				CLANG_WARN_DOCUMENTATION_COMMENTS = YES;
				CLANG_WARN_EMPTY_BODY = YES;
				CLANG_WARN_ENUM_CONVERSION = YES;
				CLANG_WARN_INFINITE_RECURSION = YES;
				CLANG_WARN_INT_CONVERSION = YES;
				CLANG_WARN_OBJC_ROOT_CLASS = YES_ERROR;
				CLANG_WARN_SUSPICIOUS_MOVE = YES;
				CLANG_WARN_UNREACHABLE_CODE = YES;
				CLANG_WARN__DUPLICATE_METHOD_MATCH = YES;
				"CODE_SIGN_IDENTITY[sdk=iphoneos*]" = "iPhone Developer";
				COPY_PHASE_STRIP = NO;
				DEBUG_INFORMATION_FORMAT = "dwarf-with-dsym";
				ENABLE_NS_ASSERTIONS = NO;
				ENABLE_STRICT_OBJC_MSGSEND = YES;
				GCC_C_LANGUAGE_STANDARD = gnu99;
				GCC_NO_COMMON_BLOCKS = YES;
				GCC_WARN_64_TO_32_BIT_CONVERSION = YES;
				GCC_WARN_ABOUT_RETURN_TYPE = YES_ERROR;
				GCC_WARN_UNDECLARED_SELECTOR = YES;
				GCC_WARN_UNINITIALIZED_AUTOS = YES_AGGRESSIVE;
				GCC_WARN_UNUSED_FUNCTION = YES;
				GCC_WARN_UNUSED_VARIABLE = YES;
				IPHONEOS_DEPLOYMENT_TARGET = 10.3;
				MTL_ENABLE_DEBUG_INFO = NO;
				SDKROOT = iphoneos;
				SWIFT_OPTIMIZATION_LEVEL = "-Owholemodule";
				VALIDATE_PRODUCT = YES;
			};
			name = Release;
		};
		056B105C1EFFC5B3009B39B0 /* Debug */ = {
			isa = XCBuildConfiguration;
			baseConfigurationReference = B1B7306B4BDC274EE4E9AA49 /* Pods-GourmetSearch.debug.xcconfig */;
			buildSettings = {
				ASSETCATALOG_COMPILER_APPICON_NAME = AppIcon;
				CLANG_ENABLE_MODULES = YES;
				CODE_SIGN_IDENTITY = "iPhone Developer";
				"CODE_SIGN_IDENTITY[sdk=iphoneos*]" = "iPhone Developer";
				DEVELOPMENT_TEAM = Z7BYM46V3Q;
				INFOPLIST_FILE = GourmetSearch/Info.plist;
				IPHONEOS_DEPLOYMENT_TARGET = 10.0;
				LD_RUNPATH_SEARCH_PATHS = "$(inherited) @executable_path/Frameworks";
				PRODUCT_BUNDLE_IDENTIFIER = "com.hissori-life.GourmetSearch";
				PRODUCT_NAME = "$(TARGET_NAME)";
				PROVISIONING_PROFILE_SPECIFIER = "";
				SWIFT_OBJC_BRIDGING_HEADER = "GourmetSearch-Bridging-Header.h";
				SWIFT_OPTIMIZATION_LEVEL = "-Onone";
				SWIFT_VERSION = 3.0;
			};
			name = Debug;
		};
		056B105D1EFFC5B3009B39B0 /* Release */ = {
			isa = XCBuildConfiguration;
			baseConfigurationReference = 33EE275E9763CBE300AA4C3D /* Pods-GourmetSearch.release.xcconfig */;
			buildSettings = {
				ASSETCATALOG_COMPILER_APPICON_NAME = AppIcon;
				CLANG_ENABLE_MODULES = YES;
				CODE_SIGN_IDENTITY = "iPhone Developer";
				"CODE_SIGN_IDENTITY[sdk=iphoneos*]" = "iPhone Developer";
				DEVELOPMENT_TEAM = Z7BYM46V3Q;
				INFOPLIST_FILE = GourmetSearch/Info.plist;
				IPHONEOS_DEPLOYMENT_TARGET = 10.0;
				LD_RUNPATH_SEARCH_PATHS = "$(inherited) @executable_path/Frameworks";
				PRODUCT_BUNDLE_IDENTIFIER = "com.hissori-life.GourmetSearch";
				PRODUCT_NAME = "$(TARGET_NAME)";
				PROVISIONING_PROFILE_SPECIFIER = "";
				SWIFT_OBJC_BRIDGING_HEADER = "GourmetSearch-Bridging-Header.h";
				SWIFT_VERSION = 3.0;
			};
			name = Release;
		};
/* End XCBuildConfiguration section */

/* Begin XCConfigurationList section */
		056B10441EFFC5B3009B39B0 /* Build configuration list for PBXProject "GourmetSearch" */ = {
			isa = XCConfigurationList;
			buildConfigurations = (
				056B10591EFFC5B3009B39B0 /* Debug */,
				056B105A1EFFC5B3009B39B0 /* Release */,
			);
			defaultConfigurationIsVisible = 0;
			defaultConfigurationName = Release;
		};
		056B105B1EFFC5B3009B39B0 /* Build configuration list for PBXNativeTarget "GourmetSearch" */ = {
			isa = XCConfigurationList;
			buildConfigurations = (
				056B105C1EFFC5B3009B39B0 /* Debug */,
				056B105D1EFFC5B3009B39B0 /* Release */,
			);
			defaultConfigurationIsVisible = 0;
			defaultConfigurationName = Release;
		};
/* End XCConfigurationList section */
	};
	rootObject = 056B10411EFFC5B3009B39B0 /* Project object */;
}
